
Microsoft Visual Studio Solution File, Format Version 12.00
# Visual Studio Version 17
VisualStudioVersion = 17.7.34221.43
MinimumVisualStudioVersion = 10.0.40219.1
Project("{FAE04EC0-301F-11D3-BF4B-00C04F79EFBC}") = "Lab_2", "Lab_2\Lab_2.csproj", "{25DD691E-93F9-489C-B69E-373C066BE2EA}"
EndProject
Global
	GlobalSection(SolutionConfigurationPlatforms) = preSolution
		Debug|Any CPU = Debug|Any CPU
		Release|Any CPU = Release|Any CPU
	EndGlobalSection
	GlobalSection(ProjectConfigurationPlatforms) = postSolution
		{25DD691E-93F9-489C-B69E-373C066BE2EA}.Debug|Any CPU.ActiveCfg = Debug|Any CPU
		{25DD691E-93F9-489C-B69E-373C066BE2EA}.Debug|Any CPU.Build.0 = Debug|Any CPU
		{25DD691E-93F9-489C-B69E-373C066BE2EA}.Release|Any CPU.ActiveCfg = Release|Any CPU
		{25DD691E-93F9-489C-B69E-373C066BE2EA}.Release|Any CPU.Build.0 = Release|Any CPU
	EndGlobalSection
	GlobalSection(SolutionProperties) = preSolution
		HideSolutionNode = FALSE
	EndGlobalSection
	GlobalSection(ExtensibilityGlobals) = postSolution
		SolutionGuid = {F342CB1F-F88A-4D48-B452-35CFF0B36325}
	EndGlobalSection
EndGlobal
