
Microsoft Visual Studio Solution File, Format Version 12.00
# Visual Studio Version 17
VisualStudioVersion = 17.7.34202.233
MinimumVisualStudioVersion = 10.0.40219.1
Project("{FAE04EC0-301F-11D3-BF4B-00C04F79EFBC}") = "Lab_1", "Lab_1\Lab_1.csproj", "{32162D7D-71B7-4F90-805D-2542F56F9D59}"
EndProject
Global
	GlobalSection(SolutionConfigurationPlatforms) = preSolution
		Debug|Any CPU = Debug|Any CPU
		Release|Any CPU = Release|Any CPU
	EndGlobalSection
	GlobalSection(ProjectConfigurationPlatforms) = postSolution
		{32162D7D-71B7-4F90-805D-2542F56F9D59}.Debug|Any CPU.ActiveCfg = Debug|Any CPU
		{32162D7D-71B7-4F90-805D-2542F56F9D59}.Debug|Any CPU.Build.0 = Debug|Any CPU
		{32162D7D-71B7-4F90-805D-2542F56F9D59}.Release|Any CPU.ActiveCfg = Release|Any CPU
		{32162D7D-71B7-4F90-805D-2542F56F9D59}.Release|Any CPU.Build.0 = Release|Any CPU
	EndGlobalSection
	GlobalSection(SolutionProperties) = preSolution
		HideSolutionNode = FALSE
	EndGlobalSection
	GlobalSection(ExtensibilityGlobals) = postSolution
		SolutionGuid = {AE2E4841-7992-401D-924D-3D3857554FAE}
	EndGlobalSection
EndGlobal
